<?xml version="1.0" encoding="utf-8"?>
<Project ToolsVersion="16.0" xmlns="http://schemas.microsoft.com/developer/msbuild/2003">
  <ItemGroup>
    <ClCompile Include="C:\D3DW\D3DW\src\AdapterReader.cpp">
      <Filter>Source Files</Filter>
    </ClCompile>
    <ClCompile Include="C:\D3DW\D3DW\src\ErrorLogger.cpp">
      <Filter>Source Files</Filter>
    </ClCompile>
    <ClCompile Include="C:\D3DW\D3DW\src\Graphics.cpp">
      <Filter>Source Files</Filter>
    </ClCompile>
    <ClCompile Include="C:\D3DW\D3DW\src\KeyboardClass.cpp">
      <Filter>Source Files</Filter>
    </ClCompile>
    <ClCompile Include="C:\D3DW\D3DW\src\KeyboardEvent.cpp">
      <Filter>Source Files</Filter>
    </ClCompile>
    <ClCompile Include="C:\D3DW\D3DW\src\MouseClass.cpp">
      <Filter>Source Files</Filter>
    </ClCompile>
    <ClCompile Include="C:\D3DW\D3DW\src\MouseEvent.cpp">
      <Filter>Source Files</Filter>
    </ClCompile>
    <ClCompile Include="C:\D3DW\D3DW\src\RenderWindow.cpp">
      <Filter>Source Files</Filter>
    </ClCompile>
    <ClCompile Include="C:\D3DW\D3DW\src\StringConverter.cpp">
      <Filter>Source Files</Filter>
    </ClCompile>
    <ClCompile Include="C:\D3DW\D3DW\src\Window.cpp">
      <Filter>Source Files</Filter>
    </ClCompile>
    <ClCompile Include="C:\D3DW\D3DW\src\WindowContainer.cpp">
      <Filter>Source Files</Filter>
    </ClCompile>
  </ItemGroup>
  <ItemGroup>
    <ClInclude Include="C:\D3DW\D3DW\src\AdapterReader.h">
      <Filter>Header Files</Filter>
    </ClInclude>
    <ClInclude Include="C:\D3DW\D3DW\src\ErrorLogger.h">
      <Filter>Header Files</Filter>
    </ClInclude>
    <ClInclude Include="C:\D3DW\D3DW\src\Graphics.h">
      <Filter>Header Files</Filter>
    </ClInclude>
    <ClInclude Include="C:\D3DW\D3DW\src\KeyboardClass.h">
      <Filter>Header Files</Filter>
    </ClInclude>
    <ClInclude Include="C:\D3DW\D3DW\src\KeyboardEvent.h">
      <Filter>Header Files</Filter>
    </ClInclude>
    <ClInclude Include="C:\D3DW\D3DW\src\MouseClass.h">
      <Filter>Header Files</Filter>
    </ClInclude>
    <ClInclude Include="C:\D3DW\D3DW\src\MouseEvent.h">
      <Filter>Header Files</Filter>
    </ClInclude>
    <ClInclude Include="C:\D3DW\D3DW\src\RenderWindow.h">
      <Filter>Header Files</Filter>
    </ClInclude>
    <ClInclude Include="C:\D3DW\D3DW\src\StringConverter.h">
      <Filter>Header Files</Filter>
    </ClInclude>
    <ClInclude Include="C:\D3DW\D3DW\src\Window.h">
      <Filter>Header Files</Filter>
    </ClInclude>
    <ClInclude Include="C:\D3DW\D3DW\src\WindowContainer.h">
      <Filter>Header Files</Filter>
    </ClInclude>
  </ItemGroup>
  <ItemGroup>
    <CustomBuild Include="C:\D3DW\D3DW\CMakeLists.txt" />
  </ItemGroup>
  <ItemGroup>
    <Filter Include="Header Files">
      <UniqueIdentifier>{8195FC52-86C4-3AB6-83AC-80059FAB7532}</UniqueIdentifier>
    </Filter>
    <Filter Include="Source Files">
      <UniqueIdentifier>{E252C015-934C-38D7-AA28-42D7E01260E4}</UniqueIdentifier>
    </Filter>
  </ItemGroup>
</Project>
